
Microsoft Visual Studio Solution File, Format Version 12.00
# Visual Studio 15
VisualStudioVersion = 15.0.26430.12
MinimumVisualStudioVersion = 10.0.40219.1
Project("{FAE04EC0-301F-11D3-BF4B-00C04F79EFBC}") = "TwitterGetter", "TwitterGetter\TwitterGetter.csproj", "{A6DFEC13-7AD3-493F-87B0-88A068A1192F}"
EndProject
Project("{FAE04EC0-301F-11D3-BF4B-00C04F79EFBC}") = "TwitterGetter.Tests", "TwitterGetter.Tests\TwitterGetter.Tests.csproj", "{81A6CD67-8536-4666-855A-3F4698D46474}"
EndProject
Global
	GlobalSection(SolutionConfigurationPlatforms) = preSolution
		Debug|Any CPU = Debug|Any CPU
		Release|Any CPU = Release|Any CPU
	EndGlobalSection
	GlobalSection(ProjectConfigurationPlatforms) = postSolution
		{A6DFEC13-7AD3-493F-87B0-88A068A1192F}.Debug|Any CPU.ActiveCfg = Debug|Any CPU
		{A6DFEC13-7AD3-493F-87B0-88A068A1192F}.Debug|Any CPU.Build.0 = Debug|Any CPU
		{A6DFEC13-7AD3-493F-87B0-88A068A1192F}.Release|Any CPU.ActiveCfg = Release|Any CPU
		{A6DFEC13-7AD3-493F-87B0-88A068A1192F}.Release|Any CPU.Build.0 = Release|Any CPU
		{81A6CD67-8536-4666-855A-3F4698D46474}.Debug|Any CPU.ActiveCfg = Debug|Any CPU
		{81A6CD67-8536-4666-855A-3F4698D46474}.Debug|Any CPU.Build.0 = Debug|Any CPU
		{81A6CD67-8536-4666-855A-3F4698D46474}.Release|Any CPU.ActiveCfg = Release|Any CPU
		{81A6CD67-8536-4666-855A-3F4698D46474}.Release|Any CPU.Build.0 = Release|Any CPU
	EndGlobalSection
	GlobalSection(SolutionProperties) = preSolution
		HideSolutionNode = FALSE
	EndGlobalSection
EndGlobal
